
Microsoft Visual Studio Solution File, Format Version 12.00
# Visual Studio Version 17
VisualStudioVersion = 17.0.31903.59
MinimumVisualStudioVersion = 10.0.40219.1
Project("{9A19103F-16F7-4668-BE54-9A1E7A4F7556}") = "Vampirewal.UpdateService", "Vampirewal.UpdateService\Vampirewal.UpdateService.csproj", "{7E2408D9-F7A9-47FB-8F3C-F7D62B6C9C50}"
EndProject
Project("{2150E333-8FDC-42A3-9474-1A3956D46DE8}") = "Service", "Service", "{0691BA37-46B5-426F-B9A9-250788BBE9B1}"
EndProject
Project("{2150E333-8FDC-42A3-9474-1A3956D46DE8}") = "Client", "Client", "{B4751C8B-356E-4446-8948-54D0AD750BDA}"
EndProject
Project("{9A19103F-16F7-4668-BE54-9A1E7A4F7556}") = "Vampirewal.Service.ViewModel", "Vampirewal.Service.ViewModel\Vampirewal.Service.ViewModel.csproj", "{415B026D-FF86-4224-B4A2-E55A5BF7D1FA}"
EndProject
Project("{9A19103F-16F7-4668-BE54-9A1E7A4F7556}") = "Vampirewal.Service.Model", "Vampirewal.Service.Model\Vampirewal.Service.Model.csproj", "{D859783E-425E-4778-91E6-E06A14164422}"
EndProject
Project("{9A19103F-16F7-4668-BE54-9A1E7A4F7556}") = "Vampirewal.Service.DataAccess", "Vampirewal.Service.DataAccess\Vampirewal.Service.DataAccess.csproj", "{0E2F2674-1D85-4D40-BAC3-50AF0455DFFA}"
EndProject
Project("{2150E333-8FDC-42A3-9474-1A3956D46DE8}") = "Test", "Test", "{24135033-0FB2-4EEF-B0D3-61EE1219C3E0}"
EndProject
Project("{9A19103F-16F7-4668-BE54-9A1E7A4F7556}") = "Test", "Test\Test.csproj", "{F7AB73A7-D201-4C5C-B92F-FD29AE7CB235}"
EndProject
Project("{2150E333-8FDC-42A3-9474-1A3956D46DE8}") = "Common", "Common", "{450BF5C4-81F8-4436-A209-8EE0FE955402}"
EndProject
Project("{9A19103F-16F7-4668-BE54-9A1E7A4F7556}") = "Vampirelwal.Common", "Vampirelwal.Common\Vampirelwal.Common.csproj", "{4B212D6A-B88E-4FBD-AA73-589B5B47CA3B}"
EndProject
Project("{9A19103F-16F7-4668-BE54-9A1E7A4F7556}") = "Vampirewal.Update.ClientApp", "Vampirewal.Update.ClientApp\Vampirewal.Update.ClientApp.csproj", "{FC72B89C-207F-4298-B722-5F1DD84C7B94}"
EndProject
Project("{2150E333-8FDC-42A3-9474-1A3956D46DE8}") = "PackaeTool", "PackaeTool", "{07856137-1042-4030-AAA2-C14D624324BD}"
EndProject
Project("{FAE04EC0-301F-11D3-BF4B-00C04F79EFBC}") = "Vampirewal.UpdatePackageTool", "Vampirewal.UpdatePackageTool\Vampirewal.UpdatePackageTool.csproj", "{57DA9D41-F00E-41EB-8CB2-93C8014F66FD}"
EndProject
Global
	GlobalSection(SolutionConfigurationPlatforms) = preSolution
		Debug|Any CPU = Debug|Any CPU
		Release|Any CPU = Release|Any CPU
	EndGlobalSection
	GlobalSection(ProjectConfigurationPlatforms) = postSolution
		{7E2408D9-F7A9-47FB-8F3C-F7D62B6C9C50}.Debug|Any CPU.ActiveCfg = Debug|Any CPU
		{7E2408D9-F7A9-47FB-8F3C-F7D62B6C9C50}.Debug|Any CPU.Build.0 = Debug|Any CPU
		{7E2408D9-F7A9-47FB-8F3C-F7D62B6C9C50}.Release|Any CPU.ActiveCfg = Release|Any CPU
		{7E2408D9-F7A9-47FB-8F3C-F7D62B6C9C50}.Release|Any CPU.Build.0 = Release|Any CPU
		{415B026D-FF86-4224-B4A2-E55A5BF7D1FA}.Debug|Any CPU.ActiveCfg = Debug|Any CPU
		{415B026D-FF86-4224-B4A2-E55A5BF7D1FA}.Debug|Any CPU.Build.0 = Debug|Any CPU
		{415B026D-FF86-4224-B4A2-E55A5BF7D1FA}.Release|Any CPU.ActiveCfg = Release|Any CPU
		{415B026D-FF86-4224-B4A2-E55A5BF7D1FA}.Release|Any CPU.Build.0 = Release|Any CPU
		{D859783E-425E-4778-91E6-E06A14164422}.Debug|Any CPU.ActiveCfg = Debug|Any CPU
		{D859783E-425E-4778-91E6-E06A14164422}.Debug|Any CPU.Build.0 = Debug|Any CPU
		{D859783E-425E-4778-91E6-E06A14164422}.Release|Any CPU.ActiveCfg = Release|Any CPU
		{D859783E-425E-4778-91E6-E06A14164422}.Release|Any CPU.Build.0 = Release|Any CPU
		{0E2F2674-1D85-4D40-BAC3-50AF0455DFFA}.Debug|Any CPU.ActiveCfg = Debug|Any CPU
		{0E2F2674-1D85-4D40-BAC3-50AF0455DFFA}.Debug|Any CPU.Build.0 = Debug|Any CPU
		{0E2F2674-1D85-4D40-BAC3-50AF0455DFFA}.Release|Any CPU.ActiveCfg = Release|Any CPU
		{0E2F2674-1D85-4D40-BAC3-50AF0455DFFA}.Release|Any CPU.Build.0 = Release|Any CPU
		{F7AB73A7-D201-4C5C-B92F-FD29AE7CB235}.Debug|Any CPU.ActiveCfg = Debug|Any CPU
		{F7AB73A7-D201-4C5C-B92F-FD29AE7CB235}.Debug|Any CPU.Build.0 = Debug|Any CPU
		{F7AB73A7-D201-4C5C-B92F-FD29AE7CB235}.Release|Any CPU.ActiveCfg = Release|Any CPU
		{F7AB73A7-D201-4C5C-B92F-FD29AE7CB235}.Release|Any CPU.Build.0 = Release|Any CPU
		{4B212D6A-B88E-4FBD-AA73-589B5B47CA3B}.Debug|Any CPU.ActiveCfg = Debug|Any CPU
		{4B212D6A-B88E-4FBD-AA73-589B5B47CA3B}.Debug|Any CPU.Build.0 = Debug|Any CPU
		{4B212D6A-B88E-4FBD-AA73-589B5B47CA3B}.Release|Any CPU.ActiveCfg = Release|Any CPU
		{4B212D6A-B88E-4FBD-AA73-589B5B47CA3B}.Release|Any CPU.Build.0 = Release|Any CPU
		{FC72B89C-207F-4298-B722-5F1DD84C7B94}.Debug|Any CPU.ActiveCfg = Debug|Any CPU
		{FC72B89C-207F-4298-B722-5F1DD84C7B94}.Debug|Any CPU.Build.0 = Debug|Any CPU
		{FC72B89C-207F-4298-B722-5F1DD84C7B94}.Release|Any CPU.ActiveCfg = Release|Any CPU
		{FC72B89C-207F-4298-B722-5F1DD84C7B94}.Release|Any CPU.Build.0 = Release|Any CPU
		{57DA9D41-F00E-41EB-8CB2-93C8014F66FD}.Debug|Any CPU.ActiveCfg = Debug|Any CPU
		{57DA9D41-F00E-41EB-8CB2-93C8014F66FD}.Debug|Any CPU.Build.0 = Debug|Any CPU
		{57DA9D41-F00E-41EB-8CB2-93C8014F66FD}.Release|Any CPU.ActiveCfg = Release|Any CPU
		{57DA9D41-F00E-41EB-8CB2-93C8014F66FD}.Release|Any CPU.Build.0 = Release|Any CPU
	EndGlobalSection
	GlobalSection(SolutionProperties) = preSolution
		HideSolutionNode = FALSE
	EndGlobalSection
	GlobalSection(NestedProjects) = preSolution
		{7E2408D9-F7A9-47FB-8F3C-F7D62B6C9C50} = {0691BA37-46B5-426F-B9A9-250788BBE9B1}
		{415B026D-FF86-4224-B4A2-E55A5BF7D1FA} = {0691BA37-46B5-426F-B9A9-250788BBE9B1}
		{D859783E-425E-4778-91E6-E06A14164422} = {0691BA37-46B5-426F-B9A9-250788BBE9B1}
		{0E2F2674-1D85-4D40-BAC3-50AF0455DFFA} = {0691BA37-46B5-426F-B9A9-250788BBE9B1}
		{F7AB73A7-D201-4C5C-B92F-FD29AE7CB235} = {24135033-0FB2-4EEF-B0D3-61EE1219C3E0}
		{4B212D6A-B88E-4FBD-AA73-589B5B47CA3B} = {450BF5C4-81F8-4436-A209-8EE0FE955402}
		{FC72B89C-207F-4298-B722-5F1DD84C7B94} = {B4751C8B-356E-4446-8948-54D0AD750BDA}
		{57DA9D41-F00E-41EB-8CB2-93C8014F66FD} = {07856137-1042-4030-AAA2-C14D624324BD}
	EndGlobalSection
	GlobalSection(ExtensibilityGlobals) = postSolution
		SolutionGuid = {496B4239-B133-498C-8442-97665E46EFCC}
	EndGlobalSection
EndGlobal
